
Microsoft Visual Studio Solution File, Format Version 12.00
# Visual Studio Version 17
VisualStudioVersion = 17.8.34316.72
MinimumVisualStudioVersion = 10.0.40219.1
Project("{FAE04EC0-301F-11D3-BF4B-00C04F79EFBC}") = "TriangleClass", "TriangleClass\TriangleClass.csproj", "{60D333C0-0C6D-4A2D-B5E1-D7554AD45B01}"
EndProject
Global
	GlobalSection(SolutionConfigurationPlatforms) = preSolution
		Debug|Any CPU = Debug|Any CPU
		Release|Any CPU = Release|Any CPU
	EndGlobalSection
	GlobalSection(ProjectConfigurationPlatforms) = postSolution
		{60D333C0-0C6D-4A2D-B5E1-D7554AD45B01}.Debug|Any CPU.ActiveCfg = Debug|Any CPU
		{60D333C0-0C6D-4A2D-B5E1-D7554AD45B01}.Debug|Any CPU.Build.0 = Debug|Any CPU
		{60D333C0-0C6D-4A2D-B5E1-D7554AD45B01}.Release|Any CPU.ActiveCfg = Release|Any CPU
		{60D333C0-0C6D-4A2D-B5E1-D7554AD45B01}.Release|Any CPU.Build.0 = Release|Any CPU
	EndGlobalSection
	GlobalSection(SolutionProperties) = preSolution
		HideSolutionNode = FALSE
	EndGlobalSection
	GlobalSection(ExtensibilityGlobals) = postSolution
		SolutionGuid = {DAE9833D-5004-4FA6-8A69-C8F891966426}
	EndGlobalSection
EndGlobal
